# This file is automatically @generated by Cargo.
# It is not intended for manual editing.
version = 4

[[package]]
name = "adler2"
version = "2.0.0"
source = "registry+https://github.com/rust-lang/crates.io-index"
checksum = "512761e0bb2578dd7380c6baaa0f4ce03e84f95e960231d1dec8bf4d7d6e2627"

[[package]]
name = "ahash"
version = "0.8.11"
source = "registry+https://github.com/rust-lang/crates.io-index"
checksum = "e89da841a80418a9b391ebaea17f5c112ffaaa96f621d2c285b5174da76b9011"
dependencies = [
 "cfg-if",
 "getrandom 0.2.15",
 "once_cell",
 "version_check",
 "zerocopy",
]

[[package]]
name = "aho-corasick"
version = "0.5.3"
source = "registry+https://github.com/rust-lang/crates.io-index"
checksum = "ca972c2ea5f742bfce5687b9aef75506a764f61d37f8f649047846a9686ddb66"
dependencies = [
 "memchr 0.1.11",
]

[[package]]
name = "aho-corasick"
version = "1.1.3"
source = "registry+https://github.com/rust-lang/crates.io-index"
checksum = "8e60d3430d3a69478ad0993f19238d2df97c507009a52b3c10addcd7f6bcb916"
dependencies = [
 "memchr 2.7.4",
]

[[package]]
name = "allocator-api2"
version = "0.2.21"
source = "registry+https://github.com/rust-lang/crates.io-index"
checksum = "683d7910e743518b0e34f1186f92494becacb047c7b6bf616c96772180fef923"

[[package]]
name = "ar"
version = "0.9.0"
source = "registry+https://github.com/rust-lang/crates.io-index"
checksum = "d67af77d68a931ecd5cbd8a3b5987d63a1d1d1278f7f6a60ae33db485cdebb69"

[[package]]
name = "arrayvec"
version = "0.7.6"
source = "registry+https://github.com/rust-lang/crates.io-index"
checksum = "7c02d123df017efcdfbd739ef81735b36c5ba83ec3c59c80a9d7ecc718f92e50"

[[package]]
name = "ash"
version = "0.38.0+1.3.281"
source = "registry+https://github.com/rust-lang/crates.io-index"
checksum = "0bb44936d800fea8f016d7f2311c6a4f97aebd5dc86f09906139ec848cf3a46f"
dependencies = [
 "libloading",
]

[[package]]
name = "autocfg"
version = "1.4.0"
source = "registry+https://github.com/rust-lang/crates.io-index"
checksum = "ace50bade8e6234aa140d9a2f552bbee1db4d353f69b8217bc503490fc1a9f26"

[[package]]
name = "bitflags"
version = "1.3.2"
source = "registry+https://github.com/rust-lang/crates.io-index"
checksum = "bef38d45163c2f1dde094a7dfd33ccf595c92905c8f8f4fdc18d06fb1037718a"

[[package]]
name = "bitflags"
version = "2.9.0"
source = "registry+https://github.com/rust-lang/crates.io-index"
checksum = "5c8214115b7bf84099f1309324e63141d4c5d7cc26862f97a0a857dbefe165bd"

[[package]]
name = "bytemuck"
version = "1.22.0"
source = "registry+https://github.com/rust-lang/crates.io-index"
checksum = "b6b1fc10dbac614ebc03540c9dbd60e83887fda27794998c6528f1782047d540"
dependencies = [
 "bytemuck_derive",
]

[[package]]
name = "bytemuck_derive"
version = "1.9.3"
source = "registry+https://github.com/rust-lang/crates.io-index"
checksum = "7ecc273b49b3205b83d648f0690daa588925572cc5063745bfe547fe7ec8e1a1"
dependencies = [
 "proc-macro2",
 "quote",
 "syn",
]

[[package]]
name = "cc"
version = "1.2.17"
source = "registry+https://github.com/rust-lang/crates.io-index"
checksum = "1fcb57c740ae1daf453ae85f16e37396f672b039e00d9d866e07ddb24e328e3a"
dependencies = [
 "jobserver",
 "libc",
 "shlex",
]

[[package]]
name = "cfg-if"
version = "1.0.0"
source = "registry+https://github.com/rust-lang/crates.io-index"
checksum = "baf1de4339761588bc0619e3cbc0120ee582ebb74b53b4efbf79117bd2da40fd"

[[package]]
name = "cmake"
version = "0.1.54"
source = "registry+https://github.com/rust-lang/crates.io-index"
checksum = "e7caa3f9de89ddbe2c607f4101924c5abec803763ae9534e4f4d7d8f84aa81f0"
dependencies = [
 "cc",
]

[[package]]
name = "convert_case"
version = "0.4.0"
source = "registry+https://github.com/rust-lang/crates.io-index"
checksum = "6245d59a3e82a7fc217c5828a6692dbc6dfb63a0c8c90495621f7b9d79704a0e"

[[package]]
name = "crc32fast"
version = "1.4.2"
source = "registry+https://github.com/rust-lang/crates.io-index"
checksum = "a97769d94ddab943e4510d138150169a2758b5ef3eb191a9ee688de3e23ef7b3"
dependencies = [
 "cfg-if",
]

[[package]]
name = "derive_more"
version = "0.99.19"
source = "registry+https://github.com/rust-lang/crates.io-index"
checksum = "3da29a38df43d6f156149c9b43ded5e018ddff2a855cf2cfd62e8cd7d079c69f"
dependencies = [
 "convert_case",
 "proc-macro2",
 "quote",
 "rustc_version",
 "syn",
]

[[package]]
name = "either"
version = "1.15.0"
source = "registry+https://github.com/rust-lang/crates.io-index"
checksum = "48c757948c5ede0e46177b7add2e67155f70e33c07fea8284df6576da70b3719"

[[package]]
name = "elsa"
version = "1.11.2"
source = "registry+https://github.com/rust-lang/crates.io-index"
checksum = "9abf33c656a7256451ebb7d0082c5a471820c31269e49d807c538c252352186e"
dependencies = [
 "indexmap",
 "stable_deref_trait",
]

[[package]]
name = "env_logger"
version = "0.3.5"
source = "registry+https://github.com/rust-lang/crates.io-index"
checksum = "15abd780e45b3ea4f76b4e9a26ff4843258dd8a3eed2775a0e7368c2e7936c2f"
dependencies = [
 "log 0.3.9",
 "regex 0.1.80",
]

[[package]]
name = "equivalent"
version = "1.0.2"
source = "registry+https://github.com/rust-lang/crates.io-index"
checksum = "877a4ace8713b0bcf2a4e7eec82529c029f1d0619886d18145fea96c3ffe5c0f"

[[package]]
name = "errno"
version = "0.3.11"
source = "registry+https://github.com/rust-lang/crates.io-index"
checksum = "976dd42dc7e85965fe702eb8164f21f450704bdde31faefd6471dba214cb594e"
dependencies = [
 "libc",
 "windows-sys 0.59.0",
]

[[package]]
name = "fallible-iterator"
version = "0.3.0"
source = "registry+https://github.com/rust-lang/crates.io-index"
checksum = "2acce4a10f12dc2fb14a218589d4f1f62ef011b2d0cc4b3cb1bba8e94da14649"

[[package]]
name = "flate2"
version = "1.1.1"
source = "registry+https://github.com/rust-lang/crates.io-index"
checksum = "7ced92e76e966ca2fd84c8f7aa01a4aea65b0eb6648d72f7c8f3e2764a67fece"
dependencies = [
 "crc32fast",
 "miniz_oxide",
]

[[package]]
name = "foldhash"
version = "0.1.5"
source = "registry+https://github.com/rust-lang/crates.io-index"
checksum = "d9c4f5dac5e15c24eb999c26181a6ca40b39fe946cbe4c263c7209467bc83af2"

[[package]]
name = "fuchsia-cprng"
version = "0.1.1"
source = "registry+https://github.com/rust-lang/crates.io-index"
checksum = "a06f77d526c1a601b7c4cdd98f54b5eaabffc14d5f2f0296febdc7f357c6d3ba"

[[package]]
name = "getrandom"
version = "0.2.15"
source = "registry+https://github.com/rust-lang/crates.io-index"
checksum = "c4567c8db10ae91089c99af84c68c38da3ec2f087c3f82960bcdbf3656b6f4d7"
dependencies = [
 "cfg-if",
 "libc",
 "wasi 0.11.0+wasi-snapshot-preview1",
]

[[package]]
name = "getrandom"
version = "0.3.2"
source = "registry+https://github.com/rust-lang/crates.io-index"
checksum = "73fea8450eea4bac3940448fb7ae50d91f034f941199fcd9d909a5a07aa455f0"
dependencies = [
 "cfg-if",
 "libc",
 "r-efi",
 "wasi 0.14.2+wasi-0.2.4",
]

[[package]]
name = "gimli"
version = "0.30.0"
source = "registry+https://github.com/rust-lang/crates.io-index"
checksum = "e2e1d97fbe9722ba9bbd0c97051c2956e726562b61f86a25a4360398a40edfc9"
dependencies = [
 "fallible-iterator",
 "indexmap",
 "stable_deref_trait",
]

[[package]]
name = "glam"
version = "0.24.2"
source = "registry+https://github.com/rust-lang/crates.io-index"
checksum = "b5418c17512bdf42730f9032c74e1ae39afc408745ebb2acf72fbc4691c17945"
dependencies = [
 "libm",
]

[[package]]
name = "glfw"
version = "0.59.0"
source = "registry+https://github.com/rust-lang/crates.io-index"
checksum = "c8c61a3f08ac5eb93c8dc0e9f2e6b2c7a7d14da089db39d43d696bc4fd025d4c"
dependencies = [
 "ash",
 "bitflags 1.3.2",
 "glfw-sys",
 "objc2",
 "raw-window-handle",
 "winapi 0.3.9",
]

[[package]]
name = "glfw-sys"
version = "5.0.0+3.3.9"
source = "registry+https://github.com/rust-lang/crates.io-index"
checksum = "1dfc32d45fb58ff38b112696907963a7d671e9cf742b16f882062169a053cf88"
dependencies = [
 "cmake",
]

[[package]]
name = "glm"
version = "0.2.3"
source = "registry+https://github.com/rust-lang/crates.io-index"
checksum = "1c702ce44565c0a09122e1c1d806bffef6528ff5de7bd0bcf636776a32953c7a"
dependencies = [
 "num",
 "quickcheck",
 "rand 0.3.23",
]

[[package]]
name = "hashbrown"
version = "0.14.5"
source = "registry+https://github.com/rust-lang/crates.io-index"
checksum = "e5274423e17b7c9fc20b6e7e208532f9b19825d82dfd615708b70edd83df41f1"
dependencies = [
 "ahash",
 "allocator-api2",
]

[[package]]
name = "hashbrown"
version = "0.15.2"
source = "registry+https://github.com/rust-lang/crates.io-index"
checksum = "bf151400ff0baff5465007dd2f3e717f3fe502074ca563069ce3a6629d07b289"
dependencies = [
 "foldhash",
]

[[package]]
name = "indexmap"
version = "2.9.0"
source = "registry+https://github.com/rust-lang/crates.io-index"
checksum = "cea70ddb795996207ad57735b50c5982d8844f38ba9ee5f1aedcfb708a2aa11e"
dependencies = [
 "equivalent",
 "hashbrown 0.15.2",
]

[[package]]
name = "internal-iterator"
version = "0.2.3"
source = "registry+https://github.com/rust-lang/crates.io-index"
checksum = "969ee3fc68ec2e88eb21434ce4d9b7e1600d1ce92ff974560a6c4a304f5124b9"

[[package]]
name = "itertools"
version = "0.10.5"
source = "registry+https://github.com/rust-lang/crates.io-index"
checksum = "b0fd2260e829bddf4cb6ea802289de2f86d6a7a690192fbe91b3f46e0f2c8473"
dependencies = [
 "either",
]

[[package]]
name = "itoa"
version = "1.0.15"
source = "registry+https://github.com/rust-lang/crates.io-index"
checksum = "4a5f13b858c8d314ee3e8f639011f7ccefe71f97f96e50151fb991f267928e2c"

[[package]]
name = "jobserver"
version = "0.1.33"
source = "registry+https://github.com/rust-lang/crates.io-index"
checksum = "38f262f097c174adebe41eb73d66ae9c06b2844fb0da69969647bbddd9b0538a"
dependencies = [
 "getrandom 0.3.2",
 "libc",
]

[[package]]
name = "kernel32-sys"
version = "0.2.2"
source = "registry+https://github.com/rust-lang/crates.io-index"
checksum = "7507624b29483431c0ba2d82aece8ca6cdba9382bff4ddd0f7490560c056098d"
dependencies = [
 "winapi 0.2.8",
 "winapi-build",
]

[[package]]
name = "lazy_static"
version = "1.5.0"
source = "registry+https://github.com/rust-lang/crates.io-index"
checksum = "bbd2bcb4c963f2ddae06a2efc7e9f3591312473c50c6685e1f298068316e66fe"

[[package]]
name = "libc"
version = "0.2.171"
source = "registry+https://github.com/rust-lang/crates.io-index"
checksum = "c19937216e9d3aa9956d9bb8dfc0b0c8beb6058fc4f7a4dc4d850edf86a237d6"

[[package]]
name = "libloading"
version = "0.8.6"
source = "registry+https://github.com/rust-lang/crates.io-index"
checksum = "fc2f4eb4bc735547cfed7c0a4922cbd04a4655978c09b54f1f7b228750664c34"
dependencies = [
 "cfg-if",
 "windows-targets",
]

[[package]]
name = "libm"
version = "0.2.11"
source = "registry+https://github.com/rust-lang/crates.io-index"
checksum = "8355be11b20d696c8f18f6cc018c4e372165b1fa8126cef092399c9951984ffa"

[[package]]
name = "linux-raw-sys"
version = "0.4.15"
source = "registry+https://github.com/rust-lang/crates.io-index"
checksum = "d26c52dbd32dccf2d10cac7725f8eae5296885fb5703b261f7d0a0739ec807ab"

[[package]]
name = "log"
version = "0.3.9"
source = "registry+https://github.com/rust-lang/crates.io-index"
checksum = "e19e8d5c34a3e0e2223db8e060f9e8264aeeb5c5fc64a4ee9965c062211c024b"
dependencies = [
 "log 0.4.27",
]

[[package]]
name = "log"
version = "0.4.27"
source = "registry+https://github.com/rust-lang/crates.io-index"
checksum = "13dc2df351e3202783a1fe0d44375f7295ffb4049267b0f3018346dc122a1d94"

[[package]]
name = "longest-increasing-subsequence"
version = "0.1.0"
source = "registry+https://github.com/rust-lang/crates.io-index"
checksum = "b3bd0dd2cd90571056fdb71f6275fada10131182f84899f4b2a916e565d81d86"

[[package]]
name = "matchers"
version = "0.1.0"
source = "registry+https://github.com/rust-lang/crates.io-index"
checksum = "8263075bb86c5a1b1427b5ae862e8889656f126e9f77c484496e8b47cf5c5558"
dependencies = [
 "regex-automata 0.1.10",
]

[[package]]
name = "memchr"
version = "0.1.11"
source = "registry+https://github.com/rust-lang/crates.io-index"
checksum = "d8b629fb514376c675b98c1421e80b151d3817ac42d7c667717d282761418d20"
dependencies = [
 "libc",
]

[[package]]
name = "memchr"
version = "2.7.4"
source = "registry+https://github.com/rust-lang/crates.io-index"
checksum = "78ca9ab1a0babb1e7d5695e3530886289c18cf2f87ec19a575a0abdce112e3a3"

[[package]]
name = "miniz_oxide"
version = "0.8.8"
source = "registry+https://github.com/rust-lang/crates.io-index"
checksum = "3be647b768db090acb35d5ec5db2b0e1f1de11133ca123b9eacf5137868f892a"
dependencies = [
 "adler2",
]

[[package]]
name = "nu-ansi-term"
version = "0.46.0"
source = "registry+https://github.com/rust-lang/crates.io-index"
checksum = "77a8165726e8236064dbb45459242600304b42a5ea24ee2948e18e023bf7ba84"
dependencies = [
 "overload",
 "winapi 0.3.9",
]

[[package]]
name = "nu-ansi-term"
version = "0.50.1"
source = "registry+https://github.com/rust-lang/crates.io-index"
checksum = "d4a28e057d01f97e61255210fcff094d74ed0466038633e95017f5beb68e4399"
dependencies = [
 "windows-sys 0.52.0",
]

[[package]]
name = "num"
version = "0.1.43"
source = "registry+https://github.com/rust-lang/crates.io-index"
checksum = "c9bdb1fb680e609c2e0930c1866cafdd0be7e7c7a1ecf92aec71ed8d99d3e133"
dependencies = [
 "num-bigint",
 "num-complex",
 "num-integer",
 "num-iter",
 "num-rational",
 "num-traits",
]

[[package]]
name = "num-bigint"
version = "0.1.45"
source = "registry+https://github.com/rust-lang/crates.io-index"
checksum = "1357c02fa1d647dd0769ef5bc2bf86281f064231c09c192a46c71246e3ec9258"
dependencies = [
 "autocfg",
 "num-integer",
 "num-traits",
 "rand 0.4.6",
 "rustc-serialize",
]

[[package]]
name = "num-complex"
version = "0.1.44"
source = "registry+https://github.com/rust-lang/crates.io-index"
checksum = "17cf384bef067563c44d41028840dbecc7f06f2aa5d7881a81dfb0fc7c72f202"
dependencies = [
 "autocfg",
 "num-traits",
 "rustc-serialize",
]

[[package]]
name = "num-integer"
version = "0.1.46"
source = "registry+https://github.com/rust-lang/crates.io-index"
checksum = "7969661fd2958a5cb096e56c8e1ad0444ac2bbcd0061bd28660485a44879858f"
dependencies = [
 "num-traits",
]

[[package]]
name = "num-iter"
version = "0.1.45"
source = "registry+https://github.com/rust-lang/crates.io-index"
checksum = "1429034a0490724d0075ebb2bc9e875d6503c3cf69e235a8941aa757d83ef5bf"
dependencies = [
 "autocfg",
 "num-integer",
 "num-traits",
]

[[package]]
name = "num-rational"
version = "0.1.43"
source = "registry+https://github.com/rust-lang/crates.io-index"
checksum = "fbfff0773e8a07fb033d726b9ff1327466709820788e5298afce4d752965ff1e"
dependencies = [
 "autocfg",
 "num-bigint",
 "num-integer",
 "num-traits",
 "rustc-serialize",
]

[[package]]
name = "num-traits"
version = "0.2.19"
source = "registry+https://github.com/rust-lang/crates.io-index"
checksum = "071dfc062690e90b734c0b2273ce72ad0ffa95f0c74596bc250dcfd960262841"
dependencies = [
 "autocfg",
 "libm",
]

[[package]]
name = "objc-sys"
version = "0.3.5"
source = "registry+https://github.com/rust-lang/crates.io-index"
checksum = "cdb91bdd390c7ce1a8607f35f3ca7151b65afc0ff5ff3b34fa350f7d7c7e4310"

[[package]]
name = "objc2"
version = "0.5.2"
source = "registry+https://github.com/rust-lang/crates.io-index"
checksum = "46a785d4eeff09c14c487497c162e92766fbb3e4059a71840cecc03d9a50b804"
dependencies = [
 "objc-sys",
 "objc2-encode",
]

[[package]]
name = "objc2-encode"
version = "4.1.0"
source = "registry+https://github.com/rust-lang/crates.io-index"
checksum = "ef25abbcd74fb2609453eb695bd2f860d389e457f67dc17cafc8b8cbc89d0c33"

[[package]]
name = "object"
version = "0.36.7"
source = "registry+https://github.com/rust-lang/crates.io-index"
checksum = "62948e14d923ea95ea2c7c86c71013138b66525b86bdc08d2dcc262bdb497b87"
dependencies = [
 "crc32fast",
 "flate2",
 "hashbrown 0.15.2",
 "indexmap",
 "memchr 2.7.4",
 "ruzstd",
 "wasmparser",
]

[[package]]
name = "once_cell"
version = "1.21.3"
source = "registry+https://github.com/rust-lang/crates.io-index"
checksum = "42f5e15c9953c5e4ccceeb2e7382a716482c34515315f7b03532b8b4e8393d2d"

[[package]]
name = "overload"
version = "0.1.1"
source = "registry+https://github.com/rust-lang/crates.io-index"
checksum = "b15813163c1d831bf4a13c3610c05c0d03b39feb07f7e09fa234dac9b15aaf39"

[[package]]
name = "pin-project-lite"
version = "0.2.16"
source = "registry+https://github.com/rust-lang/crates.io-index"
checksum = "3b3cff922bd51709b605d9ead9aa71031d81447142d828eb4a6eba76fe619f9b"

[[package]]
name = "proc-macro2"
version = "1.0.94"
source = "registry+https://github.com/rust-lang/crates.io-index"
checksum = "a31971752e70b8b2686d7e46ec17fb38dad4051d94024c88df49b667caea9c84"
dependencies = [
 "unicode-ident",
]

[[package]]
name = "quickcheck"
version = "0.2.27"
source = "registry+https://github.com/rust-lang/crates.io-index"
checksum = "d086a75fc7bdfbadd649f7c1fa524f39be4979b15506f621b3742b752f5364ed"
dependencies = [
 "env_logger",
 "log 0.3.9",
 "rand 0.3.23",
]

[[package]]
name = "quote"
version = "1.0.40"
source = "registry+https://github.com/rust-lang/crates.io-index"
checksum = "1885c039570dc00dcb4ff087a89e185fd56bae234ddc7f056a945bf36467248d"
dependencies = [
 "proc-macro2",
]

[[package]]
name = "r-efi"
version = "5.2.0"
source = "registry+https://github.com/rust-lang/crates.io-index"
checksum = "74765f6d916ee2faa39bc8e68e4f3ed8949b48cccdac59983d287a7cb71ce9c5"

[[package]]
name = "rand"
version = "0.3.23"
source = "registry+https://github.com/rust-lang/crates.io-index"
checksum = "64ac302d8f83c0c1974bf758f6b041c6c8ada916fbb44a609158ca8b064cc76c"
dependencies = [
 "libc",
 "rand 0.4.6",
]

[[package]]
name = "rand"
version = "0.4.6"
source = "registry+https://github.com/rust-lang/crates.io-index"
checksum = "552840b97013b1a26992c11eac34bdd778e464601a4c2054b5f0bff7c6761293"
dependencies = [
 "fuchsia-cprng",
 "libc",
 "rand_core 0.3.1",
 "rdrand",
 "winapi 0.3.9",
]

[[package]]
name = "rand_core"
version = "0.3.1"
source = "registry+https://github.com/rust-lang/crates.io-index"
checksum = "7a6fdeb83b075e8266dcc8762c22776f6877a63111121f5f8c7411e5be7eed4b"
dependencies = [
 "rand_core 0.4.2",
]

[[package]]
name = "rand_core"
version = "0.4.2"
source = "registry+https://github.com/rust-lang/crates.io-index"
checksum = "9c33a3c44ca05fa6f1807d8e6743f3824e8509beca625669633be0acbdf509dc"

[[package]]
name = "raw-string"
version = "0.3.5"
source = "registry+https://github.com/rust-lang/crates.io-index"
checksum = "e0501e134c6905fee1f10fed25b0a7e1261bf676cffac9543a7d0730dec01af2"

[[package]]
name = "raw-window-handle"
version = "0.6.2"
source = "registry+https://github.com/rust-lang/crates.io-index"
checksum = "20675572f6f24e9e76ef639bc5552774ed45f1c30e2951e1e99c59888861c539"

[[package]]
name = "rdrand"
version = "0.4.0"
source = "registry+https://github.com/rust-lang/crates.io-index"
checksum = "678054eb77286b51581ba43620cc911abf02758c91f93f479767aed0f90458b2"
dependencies = [
 "rand_core 0.3.1",
]

[[package]]
name = "regex"
version = "0.1.80"
source = "registry+https://github.com/rust-lang/crates.io-index"
checksum = "4fd4ace6a8cf7860714a2c2280d6c1f7e6a413486c13298bbc86fd3da019402f"
dependencies = [
 "aho-corasick 0.5.3",
 "memchr 0.1.11",
 "regex-syntax 0.3.9",
 "thread_local 0.2.7",
 "utf8-ranges",
]

[[package]]
name = "regex"
version = "1.11.1"
source = "registry+https://github.com/rust-lang/crates.io-index"
checksum = "b544ef1b4eac5dc2db33ea63606ae9ffcfac26c1416a2806ae0bf5f56b201191"
dependencies = [
 "aho-corasick 1.1.3",
 "memchr 2.7.4",
 "regex-automata 0.4.9",
 "regex-syntax 0.8.5",
]

[[package]]
name = "regex-automata"
version = "0.1.10"
source = "registry+https://github.com/rust-lang/crates.io-index"
checksum = "6c230d73fb8d8c1b9c0b3135c5142a8acee3a0558fb8db5cf1cb65f8d7862132"
dependencies = [
 "regex-syntax 0.6.29",
]

[[package]]
name = "regex-automata"
version = "0.4.9"
source = "registry+https://github.com/rust-lang/crates.io-index"
checksum = "809e8dc61f6de73b46c85f4c96486310fe304c434cfa43669d7b40f711150908"
dependencies = [
 "aho-corasick 1.1.3",
 "memchr 2.7.4",
 "regex-syntax 0.8.5",
]

[[package]]
name = "regex-syntax"
version = "0.3.9"
source = "registry+https://github.com/rust-lang/crates.io-index"
checksum = "f9ec002c35e86791825ed294b50008eea9ddfc8def4420124fbc6b08db834957"

[[package]]
name = "regex-syntax"
version = "0.6.29"
source = "registry+https://github.com/rust-lang/crates.io-index"
checksum = "f162c6dd7b008981e4d40210aca20b4bd0f9b60ca9271061b07f78537722f2e1"

[[package]]
name = "regex-syntax"
version = "0.8.5"
source = "registry+https://github.com/rust-lang/crates.io-index"
checksum = "2b15c43186be67a4fd63bee50d0303afffcef381492ebe2c5d87f324e1b8815c"

[[package]]
name = "rspirv"
version = "0.12.0+sdk-1.3.268.0"
source = "registry+https://github.com/rust-lang/crates.io-index"
checksum = "69cf3a93856b6e5946537278df0d3075596371b1950ccff012f02b0f7eafec8d"
dependencies = [
 "rustc-hash",
 "spirv",
]

[[package]]
name = "rustc-demangle"
version = "0.1.24"
source = "registry+https://github.com/rust-lang/crates.io-index"
checksum = "719b953e2095829ee67db738b3bfa9fa368c94900df327b3f07fe6e794d2fe1f"

[[package]]
name = "rustc-hash"
version = "1.1.0"
source = "registry+https://github.com/rust-lang/crates.io-index"
checksum = "08d43f7aa6b08d49f382cde6a7982047c3426db949b1424bc4b7ec9ae12c6ce2"

[[package]]
name = "rustc-serialize"
version = "0.3.25"
source = "registry+https://github.com/rust-lang/crates.io-index"
checksum = "fe834bc780604f4674073badbad26d7219cadfb4a2275802db12cbae17498401"

[[package]]
name = "rustc_codegen_spirv"
version = "0.9.0"
source = "git+https://github.com/rust-gpu/rust-gpu?rev=175c175cd8a25722f284010fd9c7b70725449956#175c175cd8a25722f284010fd9c7b70725449956"
dependencies = [
 "ahash",
 "ar",
 "bytemuck",
 "either",
 "indexmap",
 "itertools",
 "lazy_static",
 "libc",
 "log 0.4.27",
 "object",
 "regex 1.11.1",
 "rspirv",
 "rustc-demangle",
 "rustc_codegen_spirv-types",
 "rustix",
 "sanitize-filename",
 "smallvec",
 "spirt",
 "spirv-tools",
 "thorin-dwp",
 "tracing",
 "tracing-subscriber",
 "tracing-tree",
]

[[package]]
name = "rustc_codegen_spirv-types"
version = "0.9.0"
source = "git+https://github.com/rust-gpu/rust-gpu?rev=175c175cd8a25722f284010fd9c7b70725449956#175c175cd8a25722f284010fd9c7b70725449956"
dependencies = [
 "rspirv",
 "serde",
 "serde_json",
]

[[package]]
name = "rustc_version"
version = "0.4.1"
source = "registry+https://github.com/rust-lang/crates.io-index"
checksum = "cfcb3a22ef46e85b45de6ee7e79d063319ebb6594faafcf1c225ea92ab6e9b92"
dependencies = [
 "semver",
]

[[package]]
name = "rustix"
version = "0.38.44"
source = "registry+https://github.com/rust-lang/crates.io-index"
checksum = "fdb5bc1ae2baa591800df16c9ca78619bf65c0488b41b96ccec5d11220d8c154"
dependencies = [
 "bitflags 2.9.0",
 "errno",
 "itoa",
 "libc",
 "linux-raw-sys",
 "once_cell",
 "windows-sys 0.59.0",
]

[[package]]
name = "ruzstd"
version = "0.7.3"
source = "registry+https://github.com/rust-lang/crates.io-index"
checksum = "fad02996bfc73da3e301efe90b1837be9ed8f4a462b6ed410aa35d00381de89f"
dependencies = [
 "twox-hash",
]

[[package]]
name = "ryu"
version = "1.0.20"
source = "registry+https://github.com/rust-lang/crates.io-index"
checksum = "28d3b2b1366ec20994f1fd18c3c594f05c5dd4bc44d8bb0c1c632c8d6829481f"

[[package]]
name = "sanitize-filename"
version = "0.4.0"
source = "registry+https://github.com/rust-lang/crates.io-index"
checksum = "08c502bdb638f1396509467cb0580ef3b29aa2a45c5d43e5d84928241280296c"
dependencies = [
 "lazy_static",
 "regex 1.11.1",
]

[[package]]
name = "semver"
version = "1.0.26"
source = "registry+https://github.com/rust-lang/crates.io-index"
checksum = "56e6fa9c48d24d85fb3de5ad847117517440f6beceb7798af16b4a87d616b8d0"

[[package]]
name = "serde"
version = "1.0.219"
source = "registry+https://github.com/rust-lang/crates.io-index"
checksum = "5f0e2c6ed6606019b4e29e69dbaba95b11854410e5347d525002456dbbb786b6"
dependencies = [
 "serde_derive",
]

[[package]]
name = "serde_derive"
version = "1.0.219"
source = "registry+https://github.com/rust-lang/crates.io-index"
checksum = "5b0276cf7f2c73365f7157c8123c21cd9a50fbbd844757af28ca1f5925fc2a00"
dependencies = [
 "proc-macro2",
 "quote",
 "syn",
]

[[package]]
name = "serde_json"
version = "1.0.140"
source = "registry+https://github.com/rust-lang/crates.io-index"
checksum = "20068b6e96dc6c9bd23e01df8827e6c7e1f2fddd43c21810382803c136b99373"
dependencies = [
 "itoa",
 "memchr 2.7.4",
 "ryu",
 "serde",
]

[[package]]
name = "shaders"
version = "0.1.0"
dependencies = [
 "spirv-std",
]

[[package]]
name = "sharded-slab"
version = "0.1.7"
source = "registry+https://github.com/rust-lang/crates.io-index"
checksum = "f40ca3c46823713e0d4209592e8d6e826aa57e928f09752619fc696c499637f6"
dependencies = [
 "lazy_static",
]

[[package]]
name = "shlex"
version = "1.3.0"
source = "registry+https://github.com/rust-lang/crates.io-index"
checksum = "0fda2ff0d084019ba4d7c6f371c95d8fd75ce3524c3cb8fb653a3023f6323e64"

[[package]]
name = "smallvec"
version = "1.15.0"
source = "registry+https://github.com/rust-lang/crates.io-index"
checksum = "8917285742e9f3e1683f0a9c4e6b57960b7314d0b08d30d1ecd426713ee2eee9"
dependencies = [
 "serde",
]

[[package]]
name = "spirt"
version = "0.4.0"
source = "registry+https://github.com/rust-lang/crates.io-index"
checksum = "f2d5968bd2a36466468aac637b355776f080edfb0c6f769b2b99b9708260c42a"
dependencies = [
 "arrayvec",
 "bytemuck",
 "derive_more",
 "elsa",
 "indexmap",
 "internal-iterator",
 "itertools",
 "lazy_static",
 "longest-increasing-subsequence",
 "rustc-hash",
 "serde",
 "serde_json",
 "smallvec",
]

[[package]]
name = "spirv"
version = "0.3.0+sdk-1.3.268.0"
source = "registry+https://github.com/rust-lang/crates.io-index"
checksum = "eda41003dc44290527a59b13432d4a0379379fa074b70174882adfbdfd917844"
dependencies = [
 "bitflags 2.9.0",
]

[[package]]
name = "spirv-builder"
version = "0.9.0"
source = "git+https://github.com/rust-gpu/rust-gpu?rev=175c175cd8a25722f284010fd9c7b70725449956#175c175cd8a25722f284010fd9c7b70725449956"
dependencies = [
 "memchr 2.7.4",
 "raw-string",
 "rustc_codegen_spirv",
 "rustc_codegen_spirv-types",
 "serde",
 "serde_json",
]

[[package]]
name = "spirv-std"
version = "0.9.0"
source = "git+https://github.com/rust-gpu/rust-gpu?rev=175c175cd8a25722f284010fd9c7b70725449956#175c175cd8a25722f284010fd9c7b70725449956"
dependencies = [
 "bitflags 1.3.2",
 "glam",
 "num-traits",
 "spirv-std-macros",
 "spirv-std-types",
]

[[package]]
name = "spirv-std-macros"
version = "0.9.0"
source = "git+https://github.com/rust-gpu/rust-gpu?rev=175c175cd8a25722f284010fd9c7b70725449956#175c175cd8a25722f284010fd9c7b70725449956"
dependencies = [
 "proc-macro2",
 "quote",
 "spirv-std-types",
 "syn",
]

[[package]]
name = "spirv-std-types"
version = "0.9.0"
source = "git+https://github.com/rust-gpu/rust-gpu?rev=175c175cd8a25722f284010fd9c7b70725449956#175c175cd8a25722f284010fd9c7b70725449956"

[[package]]
name = "spirv-tools"
version = "0.10.0"
source = "registry+https://github.com/rust-lang/crates.io-index"
checksum = "bcb3b0832881834994b7ec82b709ec5491043ceb4bf8101e27da6b5234b24261"
dependencies = [
 "spirv-tools-sys",
]

[[package]]
name = "spirv-tools-sys"
version = "0.8.0"
source = "registry+https://github.com/rust-lang/crates.io-index"
checksum = "48e68b55a97aa6856e010a6f2477425875a97873e147bb0232160e73c45bdae7"
dependencies = [
 "cc",
]

[[package]]
name = "stable_deref_trait"
version = "1.2.0"
source = "registry+https://github.com/rust-lang/crates.io-index"
checksum = "a8f112729512f8e442d81f95a8a7ddf2b7c6b8a1a6f509a95864142b30cab2d3"

[[package]]
name = "static_assertions"
version = "1.1.0"
source = "registry+https://github.com/rust-lang/crates.io-index"
checksum = "a2eb9349b6444b326872e140eb1cf5e7c522154d69e7a0ffb0fb81c06b37543f"

[[package]]
name = "syn"
version = "2.0.100"
source = "registry+https://github.com/rust-lang/crates.io-index"
checksum = "b09a44accad81e1ba1cd74a32461ba89dee89095ba17b32f5d03683b1b1fc2a0"
dependencies = [
 "proc-macro2",
 "quote",
 "unicode-ident",
]

[[package]]
name = "thorin-dwp"
version = "0.8.0"
source = "registry+https://github.com/rust-lang/crates.io-index"
checksum = "813ba76597db32dc4f6992fd8bf8f394715b88d352fd97401da67dab6283b4c6"
dependencies = [
 "gimli",
 "hashbrown 0.14.5",
 "object",
 "tracing",
]

[[package]]
name = "thread-id"
version = "2.0.0"
source = "registry+https://github.com/rust-lang/crates.io-index"
checksum = "a9539db560102d1cef46b8b78ce737ff0bb64e7e18d35b2a5688f7d097d0ff03"
dependencies = [
 "kernel32-sys",
 "libc",
]

[[package]]
name = "thread_local"
version = "0.2.7"
source = "registry+https://github.com/rust-lang/crates.io-index"
checksum = "8576dbbfcaef9641452d5cf0df9b0e7eeab7694956dd33bb61515fb8f18cfdd5"
dependencies = [
 "thread-id",
]

[[package]]
name = "thread_local"
version = "1.1.8"
source = "registry+https://github.com/rust-lang/crates.io-index"
checksum = "8b9ef9bad013ada3808854ceac7b46812a6465ba368859a37e2100283d2d719c"
dependencies = [
 "cfg-if",
 "once_cell",
]

[[package]]
name = "tracing"
version = "0.1.41"
source = "registry+https://github.com/rust-lang/crates.io-index"
checksum = "784e0ac535deb450455cbfa28a6f0df145ea1bb7ae51b821cf5e7927fdcfbdd0"
dependencies = [
 "pin-project-lite",
 "tracing-attributes",
 "tracing-core",
]

[[package]]
name = "tracing-attributes"
version = "0.1.28"
source = "registry+https://github.com/rust-lang/crates.io-index"
checksum = "395ae124c09f9e6918a2310af6038fba074bcf474ac352496d5910dd59a2226d"
dependencies = [
 "proc-macro2",
 "quote",
 "syn",
]

[[package]]
name = "tracing-core"
version = "0.1.33"
source = "registry+https://github.com/rust-lang/crates.io-index"
checksum = "e672c95779cf947c5311f83787af4fa8fffd12fb27e4993211a84bdfd9610f9c"
dependencies = [
 "once_cell",
 "valuable",
]

[[package]]
name = "tracing-log"
version = "0.2.0"
source = "registry+https://github.com/rust-lang/crates.io-index"
checksum = "ee855f1f400bd0e5c02d150ae5de3840039a3f54b025156404e34c23c03f47c3"
dependencies = [
 "log 0.4.27",
 "once_cell",
 "tracing-core",
]

[[package]]
name = "tracing-serde"
version = "0.2.0"
source = "registry+https://github.com/rust-lang/crates.io-index"
checksum = "704b1aeb7be0d0a84fc9828cae51dab5970fee5088f83d1dd7ee6f6246fc6ff1"
dependencies = [
 "serde",
 "tracing-core",
]

[[package]]
name = "tracing-subscriber"
version = "0.3.19"
source = "registry+https://github.com/rust-lang/crates.io-index"
checksum = "e8189decb5ac0fa7bc8b96b7cb9b2701d60d48805aca84a238004d665fcc4008"
dependencies = [
 "matchers",
 "nu-ansi-term 0.46.0",
 "once_cell",
 "regex 1.11.1",
 "serde",
 "serde_json",
 "sharded-slab",
 "smallvec",
 "thread_local 1.1.8",
 "tracing",
 "tracing-core",
 "tracing-log",
 "tracing-serde",
]

[[package]]
name = "tracing-tree"
version = "0.3.1"
source = "registry+https://github.com/rust-lang/crates.io-index"
checksum = "b56c62d2c80033cb36fae448730a2f2ef99410fe3ecbffc916681a32f6807dbe"
dependencies = [
 "nu-ansi-term 0.50.1",
 "tracing-core",
 "tracing-log",
 "tracing-subscriber",
]

[[package]]
name = "twox-hash"
version = "1.6.3"
source = "registry+https://github.com/rust-lang/crates.io-index"
checksum = "97fee6b57c6a41524a810daee9286c02d7752c4253064d0b05472833a438f675"
dependencies = [
 "cfg-if",
 "static_assertions",
]

[[package]]
name = "unicode-ident"
version = "1.0.18"
source = "registry+https://github.com/rust-lang/crates.io-index"
checksum = "5a5f39404a5da50712a4c1eecf25e90dd62b613502b7e925fd4e4d19b5c96512"

[[package]]
name = "utf8-ranges"
version = "0.1.3"
source = "registry+https://github.com/rust-lang/crates.io-index"
checksum = "a1ca13c08c41c9c3e04224ed9ff80461d97e121589ff27c753a16cb10830ae0f"

[[package]]
name = "valuable"
version = "0.1.1"
source = "registry+https://github.com/rust-lang/crates.io-index"
checksum = "ba73ea9cf16a25df0c8caa16c51acb937d5712a8429db78a3ee29d5dcacd3a65"

[[package]]
name = "version_check"
version = "0.9.5"
source = "registry+https://github.com/rust-lang/crates.io-index"
checksum = "0b928f33d975fc6ad9f86c8f283853ad26bdd5b10b7f1542aa2fa15e2289105a"

[[package]]
name = "vk-triangle-rust"
version = "0.1.0"
dependencies = [
 "ash",
 "glfw",
 "glm",
 "spirv-builder",
]

[[package]]
name = "wasi"
version = "0.11.0+wasi-snapshot-preview1"
source = "registry+https://github.com/rust-lang/crates.io-index"
checksum = "9c8d87e72b64a3b4db28d11ce29237c246188f4f51057d65a7eab63b7987e423"

[[package]]
name = "wasi"
version = "0.14.2+wasi-0.2.4"
source = "registry+https://github.com/rust-lang/crates.io-index"
checksum = "9683f9a5a998d873c0d21fcbe3c083009670149a8fab228644b8bd36b2c48cb3"
dependencies = [
 "wit-bindgen-rt",
]

[[package]]
name = "wasmparser"
version = "0.222.1"
source = "registry+https://github.com/rust-lang/crates.io-index"
checksum = "fa210fd1788e6b37a1d1930f3389c48e1d6ebd1a013d34fa4b7f9e3e3bf03146"
dependencies = [
 "bitflags 2.9.0",
]

[[package]]
name = "winapi"
version = "0.2.8"
source = "registry+https://github.com/rust-lang/crates.io-index"
checksum = "167dc9d6949a9b857f3451275e911c3f44255842c1f7a76f33c55103a909087a"

[[package]]
name = "winapi"
version = "0.3.9"
source = "registry+https://github.com/rust-lang/crates.io-index"
checksum = "5c839a674fcd7a98952e593242ea400abe93992746761e38641405d28b00f419"
dependencies = [
 "winapi-i686-pc-windows-gnu",
 "winapi-x86_64-pc-windows-gnu",
]

[[package]]
name = "winapi-build"
version = "0.1.1"
source = "registry+https://github.com/rust-lang/crates.io-index"
checksum = "2d315eee3b34aca4797b2da6b13ed88266e6d612562a0c46390af8299fc699bc"

[[package]]
name = "winapi-i686-pc-windows-gnu"
version = "0.4.0"
source = "registry+https://github.com/rust-lang/crates.io-index"
checksum = "ac3b87c63620426dd9b991e5ce0329eff545bccbbb34f3be09ff6fb6ab51b7b6"

[[package]]
name = "winapi-x86_64-pc-windows-gnu"
version = "0.4.0"
source = "registry+https://github.com/rust-lang/crates.io-index"
checksum = "712e227841d057c1ee1cd2fb22fa7e5a5461ae8e48fa2ca79ec42cfc1931183f"

[[package]]
name = "windows-sys"
version = "0.52.0"
source = "registry+https://github.com/rust-lang/crates.io-index"
checksum = "282be5f36a8ce781fad8c8ae18fa3f9beff57ec1b52cb3de0789201425d9a33d"
dependencies = [
 "windows-targets",
]

[[package]]
name = "windows-sys"
version = "0.59.0"
source = "registry+https://github.com/rust-lang/crates.io-index"
checksum = "1e38bc4d79ed67fd075bcc251a1c39b32a1776bbe92e5bef1f0bf1f8c531853b"
dependencies = [
 "windows-targets",
]

[[package]]
name = "windows-targets"
version = "0.52.6"
source = "registry+https://github.com/rust-lang/crates.io-index"
checksum = "9b724f72796e036ab90c1021d4780d4d3d648aca59e491e6b98e725b84e99973"
dependencies = [
 "windows_aarch64_gnullvm",
 "windows_aarch64_msvc",
 "windows_i686_gnu",
 "windows_i686_gnullvm",
 "windows_i686_msvc",
 "windows_x86_64_gnu",
 "windows_x86_64_gnullvm",
 "windows_x86_64_msvc",
]

[[package]]
name = "windows_aarch64_gnullvm"
version = "0.52.6"
source = "registry+https://github.com/rust-lang/crates.io-index"
checksum = "32a4622180e7a0ec044bb555404c800bc9fd9ec262ec147edd5989ccd0c02cd3"

[[package]]
name = "windows_aarch64_msvc"
version = "0.52.6"
source = "registry+https://github.com/rust-lang/crates.io-index"
checksum = "09ec2a7bb152e2252b53fa7803150007879548bc709c039df7627cabbd05d469"

[[package]]
name = "windows_i686_gnu"
version = "0.52.6"
source = "registry+https://github.com/rust-lang/crates.io-index"
checksum = "8e9b5ad5ab802e97eb8e295ac6720e509ee4c243f69d781394014ebfe8bbfa0b"

[[package]]
name = "windows_i686_gnullvm"
version = "0.52.6"
source = "registry+https://github.com/rust-lang/crates.io-index"
checksum = "0eee52d38c090b3caa76c563b86c3a4bd71ef1a819287c19d586d7334ae8ed66"

[[package]]
name = "windows_i686_msvc"
version = "0.52.6"
source = "registry+https://github.com/rust-lang/crates.io-index"
checksum = "240948bc05c5e7c6dabba28bf89d89ffce3e303022809e73deaefe4f6ec56c66"

[[package]]
name = "windows_x86_64_gnu"
version = "0.52.6"
source = "registry+https://github.com/rust-lang/crates.io-index"
checksum = "147a5c80aabfbf0c7d901cb5895d1de30ef2907eb21fbbab29ca94c5b08b1a78"

[[package]]
name = "windows_x86_64_gnullvm"
version = "0.52.6"
source = "registry+https://github.com/rust-lang/crates.io-index"
checksum = "24d5b23dc417412679681396f2b49f3de8c1473deb516bd34410872eff51ed0d"

[[package]]
name = "windows_x86_64_msvc"
version = "0.52.6"
source = "registry+https://github.com/rust-lang/crates.io-index"
checksum = "589f6da84c646204747d1270a2a5661ea66ed1cced2631d546fdfb155959f9ec"

[[package]]
name = "wit-bindgen-rt"
version = "0.39.0"
source = "registry+https://github.com/rust-lang/crates.io-index"
checksum = "6f42320e61fe2cfd34354ecb597f86f413484a798ba44a8ca1165c58d42da6c1"
dependencies = [
 "bitflags 2.9.0",
]

[[package]]
name = "zerocopy"
version = "0.7.35"
source = "registry+https://github.com/rust-lang/crates.io-index"
checksum = "1b9b4fd18abc82b8136838da5d50bae7bdea537c574d8dc1a34ed098d6c166f0"
dependencies = [
 "zerocopy-derive",
]

[[package]]
name = "zerocopy-derive"
version = "0.7.35"
source = "registry+https://github.com/rust-lang/crates.io-index"
checksum = "fa4f8080344d4671fb4e831a13ad1e68092748387dfc4f55e356242fae12ce3e"
dependencies = [
 "proc-macro2",
 "quote",
 "syn",
]
